
Microsoft Visual Studio Solution File, Format Version 12.00
# Visual Studio Version 17
VisualStudioVersion = 17.0.32014.148
MinimumVisualStudioVersion = 10.0.40219.1
Project("{FAE04EC0-301F-11D3-BF4B-00C04F79EFBC}") = "UserRegistration", "UserRegistration\UserRegistration.csproj", "{168B9C14-468C-4142-A246-4F9EA7A9B57A}"
EndProject
Project("{FAE04EC0-301F-11D3-BF4B-00C04F79EFBC}") = "UserRegistrationTest", "UserRegistrationTest\UserRegistrationTest.csproj", "{220EB027-C2FB-4C17-B584-7B51CA0E047E}"
EndProject
Global
	GlobalSection(SolutionConfigurationPlatforms) = preSolution
		Debug|Any CPU = Debug|Any CPU
		Release|Any CPU = Release|Any CPU
	EndGlobalSection
	GlobalSection(ProjectConfigurationPlatforms) = postSolution
		{168B9C14-468C-4142-A246-4F9EA7A9B57A}.Debug|Any CPU.ActiveCfg = Debug|Any CPU
		{168B9C14-468C-4142-A246-4F9EA7A9B57A}.Debug|Any CPU.Build.0 = Debug|Any CPU
		{168B9C14-468C-4142-A246-4F9EA7A9B57A}.Release|Any CPU.ActiveCfg = Release|Any CPU
		{168B9C14-468C-4142-A246-4F9EA7A9B57A}.Release|Any CPU.Build.0 = Release|Any CPU
		{220EB027-C2FB-4C17-B584-7B51CA0E047E}.Debug|Any CPU.ActiveCfg = Debug|Any CPU
		{220EB027-C2FB-4C17-B584-7B51CA0E047E}.Debug|Any CPU.Build.0 = Debug|Any CPU
		{220EB027-C2FB-4C17-B584-7B51CA0E047E}.Release|Any CPU.ActiveCfg = Release|Any CPU
		{220EB027-C2FB-4C17-B584-7B51CA0E047E}.Release|Any CPU.Build.0 = Release|Any CPU
	EndGlobalSection
	GlobalSection(SolutionProperties) = preSolution
		HideSolutionNode = FALSE
	EndGlobalSection
	GlobalSection(ExtensibilityGlobals) = postSolution
		SolutionGuid = {14A42BD0-9213-460E-B447-F386DA19B4F3}
	EndGlobalSection
EndGlobal
